// !$*UTF8*$!
{
	archiveVersion = 1;
	classes = {
	};
	objectVersion = 46;
	objects = {

/* Begin PBXBuildFile section */
		D4C9AB881A5706ED00CB61FB /* AppDelegate.swift in Sources */ = {isa = PBXBuildFile; fileRef = D4C9AB871A5706ED00CB61FB /* AppDelegate.swift */; };
		D4C9AB8C1A5706ED00CB61FB /* Document.swift in Sources */ = {isa = PBXBuildFile; fileRef = D4C9AB8B1A5706ED00CB61FB /* Document.swift */; };
		D4C9AB8E1A5706ED00CB61FB /* Images.xcassets in Resources */ = {isa = PBXBuildFile; fileRef = D4C9AB8D1A5706ED00CB61FB /* Images.xcassets */; };
		D4C9AB911A5706ED00CB61FB /* Main.storyboard in Resources */ = {isa = PBXBuildFile; fileRef = D4C9AB8F1A5706ED00CB61FB /* Main.storyboard */; };
		D4C9ABA41A57070F00CB61FB /* Hyphenation.swift in Sources */ = {isa = PBXBuildFile; fileRef = D4C9AB6B1A5705A500CB61FB /* Hyphenation.swift */; };
		D4C9ABA51A57070F00CB61FB /* Page.swift in Sources */ = {isa = PBXBuildFile; fileRef = D4C9AB631A57044100CB61FB /* Page.swift */; };
		D4C9ABA61A57070F00CB61FB /* Column.swift in Sources */ = {isa = PBXBuildFile; fileRef = D4C9AB651A57046000CB61FB /* Column.swift */; };
		D4C9ABA71A57070F00CB61FB /* Line.swift in Sources */ = {isa = PBXBuildFile; fileRef = D4C9AB671A57048800CB61FB /* Line.swift */; };
		D4C9ABA81A57071C00CB61FB /* HyphenationTests.swift in Sources */ = {isa = PBXBuildFile; fileRef = D4C9AB6D1A57060100CB61FB /* HyphenationTests.swift */; };
		D4C9ABAC1A570C1100CB61FB /* File.swift in Sources */ = {isa = PBXBuildFile; fileRef = D4C9ABAB1A570C1100CB61FB /* File.swift */; };
		D4C9ABAE1A57109F00CB61FB /* PDFViewController.swift in Sources */ = {isa = PBXBuildFile; fileRef = D4C9ABAD1A57109F00CB61FB /* PDFViewController.swift */; };
		D4C9ABB01A57118F00CB61FB /* SplitViewController.swift in Sources */ = {isa = PBXBuildFile; fileRef = D4C9ABAF1A57118F00CB61FB /* SplitViewController.swift */; };
		D4C9ABB21A57126200CB61FB /* TextViewController.swift in Sources */ = {isa = PBXBuildFile; fileRef = D4C9ABB11A57126200CB61FB /* TextViewController.swift */; };
		D4C9ABB41A571D2A00CB61FB /* Paragraph.swift in Sources */ = {isa = PBXBuildFile; fileRef = D4C9ABB31A571D2A00CB61FB /* Paragraph.swift */; };
		D4EE11AB1B04CA71002D9D9A /* NSRange.swift in Sources */ = {isa = PBXBuildFile; fileRef = D4EE11AA1B04CA71002D9D9A /* NSRange.swift */; };
		D4EE11AD1B04CC92002D9D9A /* Diacriticals.swift in Sources */ = {isa = PBXBuildFile; fileRef = D4EE11AC1B04CC92002D9D9A /* Diacriticals.swift */; };
/* End PBXBuildFile section */

/* Begin PBXContainerItemProxy section */
		D4C9AB971A5706ED00CB61FB /* PBXContainerItemProxy */ = {
			isa = PBXContainerItemProxy;
			containerPortal = D45F1AB618E5AB2A005CE515 /* Project object */;
			proxyType = 1;
			remoteGlobalIDString = D4C9AB821A5706ED00CB61FB;
			remoteInfo = Pork;
		};
/* End PBXContainerItemProxy section */

/* Begin PBXFileReference section */
		D45F1AC118E5AB2A005CE515 /* Foundation.framework */ = {isa = PBXFileReference; lastKnownFileType = wrapper.framework; name = Foundation.framework; path = System/Library/Frameworks/Foundation.framework; sourceTree = SDKROOT; };
		D45F1AD418E5AB4D005CE515 /* Cocoa.framework */ = {isa = PBXFileReference; lastKnownFileType = wrapper.framework; name = Cocoa.framework; path = System/Library/Frameworks/Cocoa.framework; sourceTree = SDKROOT; };
		D45F1AD718E5AB4D005CE515 /* Foundation.framework */ = {isa = PBXFileReference; lastKnownFileType = wrapper.framework; name = Foundation.framework; path = System/Library/Frameworks/Foundation.framework; sourceTree = SDKROOT; };
		D45F1AD818E5AB4D005CE515 /* CoreData.framework */ = {isa = PBXFileReference; lastKnownFileType = wrapper.framework; name = CoreData.framework; path = System/Library/Frameworks/CoreData.framework; sourceTree = SDKROOT; };
		D45F1AD918E5AB4D005CE515 /* AppKit.framework */ = {isa = PBXFileReference; lastKnownFileType = wrapper.framework; name = AppKit.framework; path = System/Library/Frameworks/AppKit.framework; sourceTree = SDKROOT; };
		D45F1B3018E5ADF9005CE515 /* Quartz.framework */ = {isa = PBXFileReference; lastKnownFileType = wrapper.framework; name = Quartz.framework; path = System/Library/Frameworks/Quartz.framework; sourceTree = SDKROOT; };
		D45F1B5318E5BF5C005CE515 /* XCTest.framework */ = {isa = PBXFileReference; lastKnownFileType = wrapper.framework; name = XCTest.framework; path = Library/Frameworks/XCTest.framework; sourceTree = DEVELOPER_DIR; };
		D4C9AB631A57044100CB61FB /* Page.swift */ = {isa = PBXFileReference; fileEncoding = 4; lastKnownFileType = sourcecode.swift; path = Page.swift; sourceTree = "<group>"; };
		D4C9AB651A57046000CB61FB /* Column.swift */ = {isa = PBXFileReference; fileEncoding = 4; lastKnownFileType = sourcecode.swift; path = Column.swift; sourceTree = "<group>"; };
		D4C9AB671A57048800CB61FB /* Line.swift */ = {isa = PBXFileReference; fileEncoding = 4; lastKnownFileType = sourcecode.swift; path = Line.swift; sourceTree = "<group>"; };
		D4C9AB6B1A5705A500CB61FB /* Hyphenation.swift */ = {isa = PBXFileReference; fileEncoding = 4; lastKnownFileType = sourcecode.swift; path = Hyphenation.swift; sourceTree = "<group>"; };
		D4C9AB6D1A57060100CB61FB /* HyphenationTests.swift */ = {isa = PBXFileReference; fileEncoding = 4; lastKnownFileType = sourcecode.swift; path = HyphenationTests.swift; sourceTree = "<group>"; };
		D4C9AB761A57067200CB61FB /* Info.plist */ = {isa = PBXFileReference; lastKnownFileType = text.plist.xml; path = Info.plist; sourceTree = "<group>"; };
		D4C9AB831A5706ED00CB61FB /* Pork.app */ = {isa = PBXFileReference; explicitFileType = wrapper.application; includeInIndex = 0; path = Pork.app; sourceTree = BUILT_PRODUCTS_DIR; };
		D4C9AB861A5706ED00CB61FB /* Info.plist */ = {isa = PBXFileReference; lastKnownFileType = text.plist.xml; path = Info.plist; sourceTree = "<group>"; };
		D4C9AB871A5706ED00CB61FB /* AppDelegate.swift */ = {isa = PBXFileReference; lastKnownFileType = sourcecode.swift; path = AppDelegate.swift; sourceTree = "<group>"; };
		D4C9AB8B1A5706ED00CB61FB /* Document.swift */ = {isa = PBXFileReference; lastKnownFileType = sourcecode.swift; path = Document.swift; sourceTree = "<group>"; };
		D4C9AB8D1A5706ED00CB61FB /* Images.xcassets */ = {isa = PBXFileReference; lastKnownFileType = folder.assetcatalog; path = Images.xcassets; sourceTree = "<group>"; };
		D4C9AB901A5706ED00CB61FB /* Base */ = {isa = PBXFileReference; lastKnownFileType = file.storyboard; name = Base; path = Base.lproj/Main.storyboard; sourceTree = "<group>"; };
		D4C9AB961A5706ED00CB61FB /* PorkTests.xctest */ = {isa = PBXFileReference; explicitFileType = wrapper.cfbundle; includeInIndex = 0; path = PorkTests.xctest; sourceTree = BUILT_PRODUCTS_DIR; };
		D4C9ABAB1A570C1100CB61FB /* File.swift */ = {isa = PBXFileReference; fileEncoding = 4; lastKnownFileType = sourcecode.swift; path = File.swift; sourceTree = "<group>"; };
		D4C9ABAD1A57109F00CB61FB /* PDFViewController.swift */ = {isa = PBXFileReference; fileEncoding = 4; lastKnownFileType = sourcecode.swift; path = PDFViewController.swift; sourceTree = "<group>"; };
		D4C9ABAF1A57118F00CB61FB /* SplitViewController.swift */ = {isa = PBXFileReference; fileEncoding = 4; lastKnownFileType = sourcecode.swift; path = SplitViewController.swift; sourceTree = "<group>"; };
		D4C9ABB11A57126200CB61FB /* TextViewController.swift */ = {isa = PBXFileReference; fileEncoding = 4; lastKnownFileType = sourcecode.swift; path = TextViewController.swift; sourceTree = "<group>"; };
		D4C9ABB31A571D2A00CB61FB /* Paragraph.swift */ = {isa = PBXFileReference; fileEncoding = 4; lastKnownFileType = sourcecode.swift; path = Paragraph.swift; sourceTree = "<group>"; };
		D4EE11AA1B04CA71002D9D9A /* NSRange.swift */ = {isa = PBXFileReference; fileEncoding = 4; lastKnownFileType = sourcecode.swift; path = NSRange.swift; sourceTree = "<group>"; };
		D4EE11AC1B04CC92002D9D9A /* Diacriticals.swift */ = {isa = PBXFileReference; fileEncoding = 4; lastKnownFileType = sourcecode.swift; path = Diacriticals.swift; sourceTree = "<group>"; };
/* End PBXFileReference section */

/* Begin PBXFrameworksBuildPhase section */
		D4C9AB801A5706ED00CB61FB /* Frameworks */ = {
			isa = PBXFrameworksBuildPhase;
			buildActionMask = 2147483647;
			files = (
			);
			runOnlyForDeploymentPostprocessing = 0;
		};
		D4C9AB931A5706ED00CB61FB /* Frameworks */ = {
			isa = PBXFrameworksBuildPhase;
			buildActionMask = 2147483647;
			files = (
			);
			runOnlyForDeploymentPostprocessing = 0;
		};
/* End PBXFrameworksBuildPhase section */

/* Begin PBXGroup section */
		D45F1AB518E5AB2A005CE515 = {
			isa = PBXGroup;
			children = (
				D4C9AB841A5706ED00CB61FB /* Pork */,
				D4C9AB741A57067200CB61FB /* PorkTests */,
				D45F1AC018E5AB2A005CE515 /* Frameworks */,
				D45F1ABF18E5AB2A005CE515 /* Products */,
			);
			sourceTree = "<group>";
		};
		D45F1ABF18E5AB2A005CE515 /* Products */ = {
			isa = PBXGroup;
			children = (
				D4C9AB831A5706ED00CB61FB /* Pork.app */,
				D4C9AB961A5706ED00CB61FB /* PorkTests.xctest */,
			);
			name = Products;
			sourceTree = "<group>";
		};
		D45F1AC018E5AB2A005CE515 /* Frameworks */ = {
			isa = PBXGroup;
			children = (
				D45F1B5318E5BF5C005CE515 /* XCTest.framework */,
				D45F1B3018E5ADF9005CE515 /* Quartz.framework */,
				D45F1AC118E5AB2A005CE515 /* Foundation.framework */,
				D45F1AD418E5AB4D005CE515 /* Cocoa.framework */,
				D45F1AD618E5AB4D005CE515 /* Other Frameworks */,
			);
			name = Frameworks;
			sourceTree = "<group>";
		};
		D45F1AD618E5AB4D005CE515 /* Other Frameworks */ = {
			isa = PBXGroup;
			children = (
				D45F1AD718E5AB4D005CE515 /* Foundation.framework */,
				D45F1AD818E5AB4D005CE515 /* CoreData.framework */,
				D45F1AD918E5AB4D005CE515 /* AppKit.framework */,
			);
			name = "Other Frameworks";
			sourceTree = "<group>";
		};
		D4C9AB741A57067200CB61FB /* PorkTests */ = {
			isa = PBXGroup;
			children = (
				D4C9AB6D1A57060100CB61FB /* HyphenationTests.swift */,
				D4C9AB751A57067200CB61FB /* Supporting Files */,
			);
			path = PorkTests;
			sourceTree = "<group>";
		};
		D4C9AB751A57067200CB61FB /* Supporting Files */ = {
			isa = PBXGroup;
			children = (
				D4C9AB761A57067200CB61FB /* Info.plist */,
			);
			name = "Supporting Files";
			sourceTree = "<group>";
		};
		D4C9AB841A5706ED00CB61FB /* Pork */ = {
			isa = PBXGroup;
			children = (
				D4C9AB871A5706ED00CB61FB /* AppDelegate.swift */,
				D4C9AB8B1A5706ED00CB61FB /* Document.swift */,
				D4C9ABAB1A570C1100CB61FB /* File.swift */,
				D4C9AB6B1A5705A500CB61FB /* Hyphenation.swift */,
				D4EE11AC1B04CC92002D9D9A /* Diacriticals.swift */,
				D4C9AB631A57044100CB61FB /* Page.swift */,
				D4C9AB651A57046000CB61FB /* Column.swift */,
				D4C9ABB31A571D2A00CB61FB /* Paragraph.swift */,
				D4C9AB671A57048800CB61FB /* Line.swift */,
				D4C9ABAD1A57109F00CB61FB /* PDFViewController.swift */,
				D4C9ABAF1A57118F00CB61FB /* SplitViewController.swift */,
				D4C9ABB11A57126200CB61FB /* TextViewController.swift */,
				D4C9AB8D1A5706ED00CB61FB /* Images.xcassets */,
				D4C9AB8F1A5706ED00CB61FB /* Main.storyboard */,
				D4C9AB851A5706ED00CB61FB /* Supporting Files */,
			);
			path = Pork;
			sourceTree = "<group>";
		};
		D4C9AB851A5706ED00CB61FB /* Supporting Files */ = {
			isa = PBXGroup;
			children = (
				D4C9AB861A5706ED00CB61FB /* Info.plist */,
				D4EE11AA1B04CA71002D9D9A /* NSRange.swift */,
			);
			name = "Supporting Files";
			sourceTree = "<group>";
		};
/* End PBXGroup section */

/* Begin PBXNativeTarget section */
		D4C9AB821A5706ED00CB61FB /* Pork */ = {
			isa = PBXNativeTarget;
			buildConfigurationList = D4C9AB9E1A5706ED00CB61FB /* Build configuration list for PBXNativeTarget "Pork" */;
			buildPhases = (
				D4C9AB7F1A5706ED00CB61FB /* Sources */,
				D4C9AB801A5706ED00CB61FB /* Frameworks */,
				D4C9AB811A5706ED00CB61FB /* Resources */,
			);
			buildRules = (
			);
			dependencies = (
			);
			name = Pork;
			productName = Pork;
			productReference = D4C9AB831A5706ED00CB61FB /* Pork.app */;
			productType = "com.apple.product-type.application";
		};
		D4C9AB951A5706ED00CB61FB /* PorkTests */ = {
			isa = PBXNativeTarget;
			buildConfigurationList = D4C9ABA11A5706ED00CB61FB /* Build configuration list for PBXNativeTarget "PorkTests" */;
			buildPhases = (
				D4C9AB921A5706ED00CB61FB /* Sources */,
				D4C9AB931A5706ED00CB61FB /* Frameworks */,
				D4C9AB941A5706ED00CB61FB /* Resources */,
			);
			buildRules = (
			);
			dependencies = (
				D4C9AB981A5706ED00CB61FB /* PBXTargetDependency */,
			);
			name = PorkTests;
			productName = PorkTests;
			productReference = D4C9AB961A5706ED00CB61FB /* PorkTests.xctest */;
			productType = "com.apple.product-type.bundle.unit-test";
		};
/* End PBXNativeTarget section */

/* Begin PBXProject section */
		D45F1AB618E5AB2A005CE515 /* Project object */ = {
			isa = PBXProject;
			attributes = {
				LastUpgradeCheck = 0510;
				ORGANIZATIONNAME = "Rob Rix";
				TargetAttributes = {
					D4C9AB821A5706ED00CB61FB = {
						CreatedOnToolsVersion = 6.1.1;
					};
					D4C9AB951A5706ED00CB61FB = {
						CreatedOnToolsVersion = 6.1.1;
						TestTargetID = D4C9AB821A5706ED00CB61FB;
					};
				};
			};
			buildConfigurationList = D45F1AB918E5AB2A005CE515 /* Build configuration list for PBXProject "Pork" */;
			compatibilityVersion = "Xcode 3.2";
			developmentRegion = English;
			hasScannedForEncodings = 0;
			knownRegions = (
				en,
				Base,
			);
			mainGroup = D45F1AB518E5AB2A005CE515;
			productRefGroup = D45F1ABF18E5AB2A005CE515 /* Products */;
			projectDirPath = "";
			projectRoot = "";
			targets = (
				D4C9AB821A5706ED00CB61FB /* Pork */,
				D4C9AB951A5706ED00CB61FB /* PorkTests */,
			);
		};
/* End PBXProject section */

/* Begin PBXResourcesBuildPhase section */
		D4C9AB811A5706ED00CB61FB /* Resources */ = {
			isa = PBXResourcesBuildPhase;
			buildActionMask = 2147483647;
			files = (
				D4C9AB8E1A5706ED00CB61FB /* Images.xcassets in Resources */,
				D4C9AB911A5706ED00CB61FB /* Main.storyboard in Resources */,
			);
			runOnlyForDeploymentPostprocessing = 0;
		};
		D4C9AB941A5706ED00CB61FB /* Resources */ = {
			isa = PBXResourcesBuildPhase;
			buildActionMask = 2147483647;
			files = (
			);
			runOnlyForDeploymentPostprocessing = 0;
		};
/* End PBXResourcesBuildPhase section */

/* Begin PBXSourcesBuildPhase section */
		D4C9AB7F1A5706ED00CB61FB /* Sources */ = {
			isa = PBXSourcesBuildPhase;
			buildActionMask = 2147483647;
			files = (
				D4C9AB881A5706ED00CB61FB /* AppDelegate.swift in Sources */,
				D4C9AB8C1A5706ED00CB61FB /* Document.swift in Sources */,
				D4C9ABB41A571D2A00CB61FB /* Paragraph.swift in Sources */,
				D4C9ABAC1A570C1100CB61FB /* File.swift in Sources */,
				D4EE11AD1B04CC92002D9D9A /* Diacriticals.swift in Sources */,
				D4C9ABAE1A57109F00CB61FB /* PDFViewController.swift in Sources */,
				D4C9ABA41A57070F00CB61FB /* Hyphenation.swift in Sources */,
				D4C9ABB21A57126200CB61FB /* TextViewController.swift in Sources */,
				D4C9ABB01A57118F00CB61FB /* SplitViewController.swift in Sources */,
				D4C9ABA51A57070F00CB61FB /* Page.swift in Sources */,
				D4C9ABA71A57070F00CB61FB /* Line.swift in Sources */,
				D4EE11AB1B04CA71002D9D9A /* NSRange.swift in Sources */,
				D4C9ABA61A57070F00CB61FB /* Column.swift in Sources */,
			);
			runOnlyForDeploymentPostprocessing = 0;
		};
		D4C9AB921A5706ED00CB61FB /* Sources */ = {
			isa = PBXSourcesBuildPhase;
			buildActionMask = 2147483647;
			files = (
				D4C9ABA81A57071C00CB61FB /* HyphenationTests.swift in Sources */,
			);
			runOnlyForDeploymentPostprocessing = 0;
		};
/* End PBXSourcesBuildPhase section */

/* Begin PBXTargetDependency section */
		D4C9AB981A5706ED00CB61FB /* PBXTargetDependency */ = {
			isa = PBXTargetDependency;
			target = D4C9AB821A5706ED00CB61FB /* Pork */;
			targetProxy = D4C9AB971A5706ED00CB61FB /* PBXContainerItemProxy */;
		};
/* End PBXTargetDependency section */

/* Begin PBXVariantGroup section */
		D4C9AB8F1A5706ED00CB61FB /* Main.storyboard */ = {
			isa = PBXVariantGroup;
			children = (
				D4C9AB901A5706ED00CB61FB /* Base */,
			);
			name = Main.storyboard;
			sourceTree = "<group>";
		};
/* End PBXVariantGroup section */

/* Begin XCBuildConfiguration section */
		D45F1ACA18E5AB2A005CE515 /* Debug */ = {
			isa = XCBuildConfiguration;
			buildSettings = {
				ALWAYS_SEARCH_USER_PATHS = NO;
				CLANG_CXX_LANGUAGE_STANDARD = "gnu++0x";
				CLANG_CXX_LIBRARY = "libc++";
				CLANG_ENABLE_MODULES = YES;
				CLANG_ENABLE_OBJC_ARC = YES;
				CLANG_WARN_BOOL_CONVERSION = YES;
				CLANG_WARN_CONSTANT_CONVERSION = YES;
				CLANG_WARN_DIRECT_OBJC_ISA_USAGE = YES_ERROR;
				CLANG_WARN_EMPTY_BODY = YES;
				CLANG_WARN_ENUM_CONVERSION = YES;
				CLANG_WARN_INT_CONVERSION = YES;
				CLANG_WARN_OBJC_ROOT_CLASS = YES_ERROR;
				CLANG_WARN__DUPLICATE_METHOD_MATCH = YES;
				COPY_PHASE_STRIP = NO;
				GCC_C_LANGUAGE_STANDARD = gnu99;
				GCC_DYNAMIC_NO_PIC = NO;
				GCC_ENABLE_OBJC_EXCEPTIONS = YES;
				GCC_OPTIMIZATION_LEVEL = 0;
				GCC_PREPROCESSOR_DEFINITIONS = (
					"DEBUG=1",
					"$(inherited)",
				);
				GCC_SYMBOLS_PRIVATE_EXTERN = NO;
				GCC_WARN_64_TO_32_BIT_CONVERSION = YES;
				GCC_WARN_ABOUT_RETURN_TYPE = YES_ERROR;
				GCC_WARN_UNDECLARED_SELECTOR = YES;
				GCC_WARN_UNINITIALIZED_AUTOS = YES_AGGRESSIVE;
				GCC_WARN_UNUSED_FUNCTION = YES;
				GCC_WARN_UNUSED_VARIABLE = YES;
				MACOSX_DEPLOYMENT_TARGET = 10.10;
				ONLY_ACTIVE_ARCH = YES;
				SDKROOT = macosx;
			};
			name = Debug;
		};
		D45F1ACB18E5AB2A005CE515 /* Release */ = {
			isa = XCBuildConfiguration;
			buildSettings = {
				ALWAYS_SEARCH_USER_PATHS = NO;
				CLANG_CXX_LANGUAGE_STANDARD = "gnu++0x";
				CLANG_CXX_LIBRARY = "libc++";
				CLANG_ENABLE_MODULES = YES;
				CLANG_ENABLE_OBJC_ARC = YES;
				CLANG_WARN_BOOL_CONVERSION = YES;
				CLANG_WARN_CONSTANT_CONVERSION = YES;
				CLANG_WARN_DIRECT_OBJC_ISA_USAGE = YES_ERROR;
				CLANG_WARN_EMPTY_BODY = YES;
				CLANG_WARN_ENUM_CONVERSION = YES;
				CLANG_WARN_INT_CONVERSION = YES;
				CLANG_WARN_OBJC_ROOT_CLASS = YES_ERROR;
				CLANG_WARN__DUPLICATE_METHOD_MATCH = YES;
				COPY_PHASE_STRIP = YES;
				DEBUG_INFORMATION_FORMAT = "dwarf-with-dsym";
				ENABLE_NS_ASSERTIONS = NO;
				GCC_C_LANGUAGE_STANDARD = gnu99;
				GCC_ENABLE_OBJC_EXCEPTIONS = YES;
				GCC_WARN_64_TO_32_BIT_CONVERSION = YES;
				GCC_WARN_ABOUT_RETURN_TYPE = YES_ERROR;
				GCC_WARN_UNDECLARED_SELECTOR = YES;
				GCC_WARN_UNINITIALIZED_AUTOS = YES_AGGRESSIVE;
				GCC_WARN_UNUSED_FUNCTION = YES;
				GCC_WARN_UNUSED_VARIABLE = YES;
				MACOSX_DEPLOYMENT_TARGET = 10.10;
				SDKROOT = macosx;
			};
			name = Release;
		};
		D4C9AB9F1A5706ED00CB61FB /* Debug */ = {
			isa = XCBuildConfiguration;
			buildSettings = {
				ASSETCATALOG_COMPILER_APPICON_NAME = AppIcon;
				CLANG_WARN_UNREACHABLE_CODE = YES;
				CODE_SIGN_IDENTITY = "-";
				COMBINE_HIDPI_IMAGES = YES;
				ENABLE_STRICT_OBJC_MSGSEND = YES;
				GCC_PREPROCESSOR_DEFINITIONS = (
					"DEBUG=1",
					"$(inherited)",
				);
				INFOPLIST_FILE = Pork/Info.plist;
				LD_RUNPATH_SEARCH_PATHS = "$(inherited) @executable_path/../Frameworks";
				MACOSX_DEPLOYMENT_TARGET = 10.10;
				MTL_ENABLE_DEBUG_INFO = YES;
				PRODUCT_NAME = "$(TARGET_NAME)";
				SWIFT_OPTIMIZATION_LEVEL = "-Onone";
			};
			name = Debug;
		};
		D4C9ABA01A5706ED00CB61FB /* Release */ = {
			isa = XCBuildConfiguration;
			buildSettings = {
				ASSETCATALOG_COMPILER_APPICON_NAME = AppIcon;
				CLANG_WARN_UNREACHABLE_CODE = YES;
				CODE_SIGN_IDENTITY = "-";
				COMBINE_HIDPI_IMAGES = YES;
				ENABLE_STRICT_OBJC_MSGSEND = YES;
				INFOPLIST_FILE = Pork/Info.plist;
				LD_RUNPATH_SEARCH_PATHS = "$(inherited) @executable_path/../Frameworks";
				MACOSX_DEPLOYMENT_TARGET = 10.10;
				MTL_ENABLE_DEBUG_INFO = NO;
				PRODUCT_NAME = "$(TARGET_NAME)";
			};
			name = Release;
		};
		D4C9ABA21A5706ED00CB61FB /* Debug */ = {
			isa = XCBuildConfiguration;
			buildSettings = {
				BUNDLE_LOADER = "$(TEST_HOST)";
				CLANG_WARN_UNREACHABLE_CODE = YES;
				COMBINE_HIDPI_IMAGES = YES;
				ENABLE_STRICT_OBJC_MSGSEND = YES;
				FRAMEWORK_SEARCH_PATHS = (
					"$(DEVELOPER_FRAMEWORKS_DIR)",
					"$(inherited)",
				);
				GCC_PREPROCESSOR_DEFINITIONS = (
					"DEBUG=1",
					"$(inherited)",
				);
				INFOPLIST_FILE = PorkTests/Info.plist;
				LD_RUNPATH_SEARCH_PATHS = "$(inherited) @executable_path/../Frameworks @loader_path/../Frameworks";
				MACOSX_DEPLOYMENT_TARGET = 10.10;
				MTL_ENABLE_DEBUG_INFO = YES;
				PRODUCT_NAME = "$(TARGET_NAME)";
				TEST_HOST = "$(BUILT_PRODUCTS_DIR)/Pork.app/Contents/MacOS/Pork";
			};
			name = Debug;
		};
		D4C9ABA31A5706ED00CB61FB /* Release */ = {
			isa = XCBuildConfiguration;
			buildSettings = {
				BUNDLE_LOADER = "$(TEST_HOST)";
				CLANG_WARN_UNREACHABLE_CODE = YES;
				COMBINE_HIDPI_IMAGES = YES;
				ENABLE_STRICT_OBJC_MSGSEND = YES;
				FRAMEWORK_SEARCH_PATHS = (
					"$(DEVELOPER_FRAMEWORKS_DIR)",
					"$(inherited)",
				);
				INFOPLIST_FILE = PorkTests/Info.plist;
				LD_RUNPATH_SEARCH_PATHS = "$(inherited) @executable_path/../Frameworks @loader_path/../Frameworks";
				MACOSX_DEPLOYMENT_TARGET = 10.10;
				MTL_ENABLE_DEBUG_INFO = NO;
				PRODUCT_NAME = "$(TARGET_NAME)";
				TEST_HOST = "$(BUILT_PRODUCTS_DIR)/Pork.app/Contents/MacOS/Pork";
			};
			name = Release;
		};
/* End XCBuildConfiguration section */

/* Begin XCConfigurationList section */
		D45F1AB918E5AB2A005CE515 /* Build configuration list for PBXProject "Pork" */ = {
			isa = XCConfigurationList;
			buildConfigurations = (
				D45F1ACA18E5AB2A005CE515 /* Debug */,
				D45F1ACB18E5AB2A005CE515 /* Release */,
			);
			defaultConfigurationIsVisible = 0;
			defaultConfigurationName = Release;
		};
		D4C9AB9E1A5706ED00CB61FB /* Build configuration list for PBXNativeTarget "Pork" */ = {
			isa = XCConfigurationList;
			buildConfigurations = (
				D4C9AB9F1A5706ED00CB61FB /* Debug */,
				D4C9ABA01A5706ED00CB61FB /* Release */,
			);
			defaultConfigurationIsVisible = 0;
			defaultConfigurationName = Release;
		};
		D4C9ABA11A5706ED00CB61FB /* Build configuration list for PBXNativeTarget "PorkTests" */ = {
			isa = XCConfigurationList;
			buildConfigurations = (
				D4C9ABA21A5706ED00CB61FB /* Debug */,
				D4C9ABA31A5706ED00CB61FB /* Release */,
			);
			defaultConfigurationIsVisible = 0;
			defaultConfigurationName = Release;
		};
/* End XCConfigurationList section */
	};
	rootObject = D45F1AB618E5AB2A005CE515 /* Project object */;
}
